
Microsoft Visual Studio Solution File, Format Version 12.00
# Visual Studio Version 17
VisualStudioVersion = 17.5.33530.505
MinimumVisualStudioVersion = 10.0.40219.1
Project("{FAE04EC0-301F-11D3-BF4B-00C04F79EFBC}") = "BistroBoss", "BistroBoss\BistroBoss.csproj", "{43D47FE3-764C-4709-8FD3-C80B1DBE827F}"
EndProject
Project("{FAE04EC0-301F-11D3-BF4B-00C04F79EFBC}") = "DAL", "DAL\DAL.csproj", "{3CE0C670-49E3-4529-A221-14142612F489}"
EndProject
Project("{FAE04EC0-301F-11D3-BF4B-00C04F79EFBC}") = "BLL", "BLL\BLL.csproj", "{3B9A3EC4-5C1D-4A7C-8720-268B257E6653}"
EndProject
Global
	GlobalSection(SolutionConfigurationPlatforms) = preSolution
		Debug|Any CPU = Debug|Any CPU
		Release|Any CPU = Release|Any CPU
	EndGlobalSection
	GlobalSection(ProjectConfigurationPlatforms) = postSolution
		{43D47FE3-764C-4709-8FD3-C80B1DBE827F}.Debug|Any CPU.ActiveCfg = Debug|Any CPU
		{43D47FE3-764C-4709-8FD3-C80B1DBE827F}.Debug|Any CPU.Build.0 = Debug|Any CPU
		{43D47FE3-764C-4709-8FD3-C80B1DBE827F}.Release|Any CPU.ActiveCfg = Release|Any CPU
		{43D47FE3-764C-4709-8FD3-C80B1DBE827F}.Release|Any CPU.Build.0 = Release|Any CPU
		{3CE0C670-49E3-4529-A221-14142612F489}.Debug|Any CPU.ActiveCfg = Debug|Any CPU
		{3CE0C670-49E3-4529-A221-14142612F489}.Debug|Any CPU.Build.0 = Debug|Any CPU
		{3CE0C670-49E3-4529-A221-14142612F489}.Release|Any CPU.ActiveCfg = Release|Any CPU
		{3CE0C670-49E3-4529-A221-14142612F489}.Release|Any CPU.Build.0 = Release|Any CPU
		{3B9A3EC4-5C1D-4A7C-8720-268B257E6653}.Debug|Any CPU.ActiveCfg = Debug|Any CPU
		{3B9A3EC4-5C1D-4A7C-8720-268B257E6653}.Debug|Any CPU.Build.0 = Debug|Any CPU
		{3B9A3EC4-5C1D-4A7C-8720-268B257E6653}.Release|Any CPU.ActiveCfg = Release|Any CPU
		{3B9A3EC4-5C1D-4A7C-8720-268B257E6653}.Release|Any CPU.Build.0 = Release|Any CPU
	EndGlobalSection
	GlobalSection(SolutionProperties) = preSolution
		HideSolutionNode = FALSE
	EndGlobalSection
	GlobalSection(ExtensibilityGlobals) = postSolution
		SolutionGuid = {9A0FE5AB-0DE9-40F6-95C1-89F544443DAB}
	EndGlobalSection
EndGlobal
